// !$*UTF8*$!
{
	archiveVersion = 1;
	classes = {
	};
	objectVersion = 50;
	objects = {

/* Begin PBXBuildFile section */
		9426034A231D95290069D317 /* HealthKitManager.m in Sources */ = {isa = PBXBuildFile; fileRef = 94260349231D95290069D317 /* HealthKitManager.m */; };
		94C2E18E231A2CD2009A340D /* AppDelegate.m in Sources */ = {isa = PBXBuildFile; fileRef = 94C2E18D231A2CD2009A340D /* AppDelegate.m */; };
		94C2E191231A2CD2009A340D /* ViewController.m in Sources */ = {isa = PBXBuildFile; fileRef = 94C2E190231A2CD2009A340D /* ViewController.m */; };
		94C2E194231A2CD2009A340D /* Main.storyboard in Resources */ = {isa = PBXBuildFile; fileRef = 94C2E192231A2CD2009A340D /* Main.storyboard */; };
		94C2E197231A2CD2009A340D /* PedometerHybrid.xcdatamodeld in Sources */ = {isa = PBXBuildFile; fileRef = 94C2E195231A2CD2009A340D /* PedometerHybrid.xcdatamodeld */; };
		94C2E199231A2CD7009A340D /* Assets.xcassets in Resources */ = {isa = PBXBuildFile; fileRef = 94C2E198231A2CD7009A340D /* Assets.xcassets */; };
		94C2E19C231A2CD7009A340D /* LaunchScreen.storyboard in Resources */ = {isa = PBXBuildFile; fileRef = 94C2E19A231A2CD7009A340D /* LaunchScreen.storyboard */; };
		94C2E19F231A2CD7009A340D /* main.m in Sources */ = {isa = PBXBuildFile; fileRef = 94C2E19E231A2CD7009A340D /* main.m */; };
		94C2E1A7231A2E88009A340D /* HealthKit.framework in Frameworks */ = {isa = PBXBuildFile; fileRef = 94C2E1A6231A2E88009A340D /* HealthKit.framework */; };
		94C2E1AA231A2E9E009A340D /* CoreMotion.framework in Frameworks */ = {isa = PBXBuildFile; fileRef = 94C2E1A9231A2E9E009A340D /* CoreMotion.framework */; };
		94C2E1AF231D935B009A340D /* HealthKitManager.h in Sources */ = {isa = PBXBuildFile; fileRef = 94C2E1AE231D935B009A340D /* HealthKitManager.h */; };
/* End PBXBuildFile section */

/* Begin PBXFileReference section */
		94260349231D95290069D317 /* HealthKitManager.m */ = {isa = PBXFileReference; fileEncoding = 4; lastKnownFileType = sourcecode.c.objc; path = HealthKitManager.m; sourceTree = "<group>"; };
		94C2E189231A2CD2009A340D /* PedometerHybrid.app */ = {isa = PBXFileReference; explicitFileType = wrapper.application; includeInIndex = 0; path = PedometerHybrid.app; sourceTree = BUILT_PRODUCTS_DIR; };
		94C2E18C231A2CD2009A340D /* AppDelegate.h */ = {isa = PBXFileReference; lastKnownFileType = sourcecode.c.h; path = AppDelegate.h; sourceTree = "<group>"; };
		94C2E18D231A2CD2009A340D /* AppDelegate.m */ = {isa = PBXFileReference; lastKnownFileType = sourcecode.c.objc; path = AppDelegate.m; sourceTree = "<group>"; };
		94C2E18F231A2CD2009A340D /* ViewController.h */ = {isa = PBXFileReference; lastKnownFileType = sourcecode.c.h; path = ViewController.h; sourceTree = "<group>"; };
		94C2E190231A2CD2009A340D /* ViewController.m */ = {isa = PBXFileReference; lastKnownFileType = sourcecode.c.objc; path = ViewController.m; sourceTree = "<group>"; };
		94C2E193231A2CD2009A340D /* Base */ = {isa = PBXFileReference; lastKnownFileType = file.storyboard; name = Base; path = Base.lproj/Main.storyboard; sourceTree = "<group>"; };
		94C2E196231A2CD2009A340D /* PedometerHybrid.xcdatamodel */ = {isa = PBXFileReference; lastKnownFileType = wrapper.xcdatamodel; path = PedometerHybrid.xcdatamodel; sourceTree = "<group>"; };
		94C2E198231A2CD7009A340D /* Assets.xcassets */ = {isa = PBXFileReference; lastKnownFileType = folder.assetcatalog; path = Assets.xcassets; sourceTree = "<group>"; };
		94C2E19B231A2CD7009A340D /* Base */ = {isa = PBXFileReference; lastKnownFileType = file.storyboard; name = Base; path = Base.lproj/LaunchScreen.storyboard; sourceTree = "<group>"; };
		94C2E19D231A2CD7009A340D /* Info.plist */ = {isa = PBXFileReference; lastKnownFileType = text.plist.xml; path = Info.plist; sourceTree = "<group>"; };
		94C2E19E231A2CD7009A340D /* main.m */ = {isa = PBXFileReference; lastKnownFileType = sourcecode.c.objc; path = main.m; sourceTree = "<group>"; };
		94C2E1A6231A2E88009A340D /* HealthKit.framework */ = {isa = PBXFileReference; lastKnownFileType = wrapper.framework; name = HealthKit.framework; path = System/Library/Frameworks/HealthKit.framework; sourceTree = SDKROOT; };
		94C2E1A8231A2E88009A340D /* PedometerHybrid.entitlements */ = {isa = PBXFileReference; lastKnownFileType = text.plist.entitlements; path = PedometerHybrid.entitlements; sourceTree = "<group>"; };
		94C2E1A9231A2E9E009A340D /* CoreMotion.framework */ = {isa = PBXFileReference; lastKnownFileType = wrapper.framework; name = CoreMotion.framework; path = System/Library/Frameworks/CoreMotion.framework; sourceTree = SDKROOT; };
		94C2E1AE231D935B009A340D /* HealthKitManager.h */ = {isa = PBXFileReference; lastKnownFileType = sourcecode.c.h; path = HealthKitManager.h; sourceTree = "<group>"; };
/* End PBXFileReference section */

/* Begin PBXFrameworksBuildPhase section */
		94C2E186231A2CD2009A340D /* Frameworks */ = {
			isa = PBXFrameworksBuildPhase;
			buildActionMask = 2147483647;
			files = (
				94C2E1AA231A2E9E009A340D /* CoreMotion.framework in Frameworks */,
				94C2E1A7231A2E88009A340D /* HealthKit.framework in Frameworks */,
			);
			runOnlyForDeploymentPostprocessing = 0;
		};
/* End PBXFrameworksBuildPhase section */

/* Begin PBXGroup section */
		94C2E180231A2CD2009A340D = {
			isa = PBXGroup;
			children = (
				94C2E18B231A2CD2009A340D /* PedometerHybrid */,
				94C2E18A231A2CD2009A340D /* Products */,
				94C2E1A5231A2E88009A340D /* Frameworks */,
			);
			sourceTree = "<group>";
		};
		94C2E18A231A2CD2009A340D /* Products */ = {
			isa = PBXGroup;
			children = (
				94C2E189231A2CD2009A340D /* PedometerHybrid.app */,
			);
			name = Products;
			sourceTree = "<group>";
		};
		94C2E18B231A2CD2009A340D /* PedometerHybrid */ = {
			isa = PBXGroup;
			children = (
				94C2E1A8231A2E88009A340D /* PedometerHybrid.entitlements */,
				94C2E18C231A2CD2009A340D /* AppDelegate.h */,
				94C2E18D231A2CD2009A340D /* AppDelegate.m */,
				94C2E18F231A2CD2009A340D /* ViewController.h */,
				94C2E190231A2CD2009A340D /* ViewController.m */,
				94C2E192231A2CD2009A340D /* Main.storyboard */,
				94C2E198231A2CD7009A340D /* Assets.xcassets */,
				94C2E19A231A2CD7009A340D /* LaunchScreen.storyboard */,
				94C2E19D231A2CD7009A340D /* Info.plist */,
				94C2E19E231A2CD7009A340D /* main.m */,
				94C2E195231A2CD2009A340D /* PedometerHybrid.xcdatamodeld */,
				94260349231D95290069D317 /* HealthKitManager.m */,
				94C2E1AE231D935B009A340D /* HealthKitManager.h */,
			);
			path = PedometerHybrid;
			sourceTree = "<group>";
		};
		94C2E1A5231A2E88009A340D /* Frameworks */ = {
			isa = PBXGroup;
			children = (
				94C2E1A9231A2E9E009A340D /* CoreMotion.framework */,
				94C2E1A6231A2E88009A340D /* HealthKit.framework */,
			);
			name = Frameworks;
			sourceTree = "<group>";
		};
/* End PBXGroup section */

/* Begin PBXNativeTarget section */
		94C2E188231A2CD2009A340D /* PedometerHybrid */ = {
			isa = PBXNativeTarget;
			buildConfigurationList = 94C2E1A2231A2CD7009A340D /* Build configuration list for PBXNativeTarget "PedometerHybrid" */;
			buildPhases = (
				94C2E185231A2CD2009A340D /* Sources */,
				94C2E186231A2CD2009A340D /* Frameworks */,
				94C2E187231A2CD2009A340D /* Resources */,
			);
			buildRules = (
			);
			dependencies = (
			);
			name = PedometerHybrid;
			productName = PedometerHybrid;
			productReference = 94C2E189231A2CD2009A340D /* PedometerHybrid.app */;
			productType = "com.apple.product-type.application";
		};
/* End PBXNativeTarget section */

/* Begin PBXProject section */
		94C2E181231A2CD2009A340D /* Project object */ = {
			isa = PBXProject;
			attributes = {
				LastUpgradeCheck = 1010;
				ORGANIZATIONNAME = "Ryan F";
				TargetAttributes = {
					94C2E188231A2CD2009A340D = {
						CreatedOnToolsVersion = 10.1;
						SystemCapabilities = {
							com.apple.HealthKit = {
								enabled = 1;
							};
						};
					};
				};
			};
			buildConfigurationList = 94C2E184231A2CD2009A340D /* Build configuration list for PBXProject "PedometerHybrid" */;
			compatibilityVersion = "Xcode 9.3";
			developmentRegion = en;
			hasScannedForEncodings = 0;
			knownRegions = (
				en,
				Base,
			);
			mainGroup = 94C2E180231A2CD2009A340D;
			productRefGroup = 94C2E18A231A2CD2009A340D /* Products */;
			projectDirPath = "";
			projectRoot = "";
			targets = (
				94C2E188231A2CD2009A340D /* PedometerHybrid */,
			);
		};
/* End PBXProject section */

/* Begin PBXResourcesBuildPhase section */
		94C2E187231A2CD2009A340D /* Resources */ = {
			isa = PBXResourcesBuildPhase;
			buildActionMask = 2147483647;
			files = (
				94C2E19C231A2CD7009A340D /* LaunchScreen.storyboard in Resources */,
				94C2E199231A2CD7009A340D /* Assets.xcassets in Resources */,
				94C2E194231A2CD2009A340D /* Main.storyboard in Resources */,
			);
			runOnlyForDeploymentPostprocessing = 0;
		};
/* End PBXResourcesBuildPhase section */

/* Begin PBXSourcesBuildPhase section */
		94C2E185231A2CD2009A340D /* Sources */ = {
			isa = PBXSourcesBuildPhase;
			buildActionMask = 2147483647;
			files = (
				94C2E1AF231D935B009A340D /* HealthKitManager.h in Sources */,
				94C2E191231A2CD2009A340D /* ViewController.m in Sources */,
				94C2E18E231A2CD2009A340D /* AppDelegate.m in Sources */,
				9426034A231D95290069D317 /* HealthKitManager.m in Sources */,
				94C2E19F231A2CD7009A340D /* main.m in Sources */,
				94C2E197231A2CD2009A340D /* PedometerHybrid.xcdatamodeld in Sources */,
			);
			runOnlyForDeploymentPostprocessing = 0;
		};
/* End PBXSourcesBuildPhase section */

/* Begin PBXVariantGroup section */
		94C2E192231A2CD2009A340D /* Main.storyboard */ = {
			isa = PBXVariantGroup;
			children = (
				94C2E193231A2CD2009A340D /* Base */,
			);
			name = Main.storyboard;
			sourceTree = "<group>";
		};
		94C2E19A231A2CD7009A340D /* LaunchScreen.storyboard */ = {
			isa = PBXVariantGroup;
			children = (
				94C2E19B231A2CD7009A340D /* Base */,
			);
			name = LaunchScreen.storyboard;
			sourceTree = "<group>";
		};
/* End PBXVariantGroup section */

/* Begin XCBuildConfiguration section */
		94C2E1A0231A2CD7009A340D /* Debug */ = {
			isa = XCBuildConfiguration;
			buildSettings = {
				ALWAYS_SEARCH_USER_PATHS = NO;
				CLANG_ANALYZER_NONNULL = YES;
				CLANG_ANALYZER_NUMBER_OBJECT_CONVERSION = YES_AGGRESSIVE;
				CLANG_CXX_LANGUAGE_STANDARD = "gnu++14";
				CLANG_CXX_LIBRARY = "libc++";
				CLANG_ENABLE_MODULES = YES;
				CLANG_ENABLE_OBJC_ARC = YES;
				CLANG_ENABLE_OBJC_WEAK = YES;
				CLANG_WARN_BLOCK_CAPTURE_AUTORELEASING = YES;
				CLANG_WARN_BOOL_CONVERSION = YES;
				CLANG_WARN_COMMA = YES;
				CLANG_WARN_CONSTANT_CONVERSION = YES;
				CLANG_WARN_DEPRECATED_OBJC_IMPLEMENTATIONS = YES;
				CLANG_WARN_DIRECT_OBJC_ISA_USAGE = YES_ERROR;
				CLANG_WARN_DOCUMENTATION_COMMENTS = YES;
				CLANG_WARN_EMPTY_BODY = YES;
				CLANG_WARN_ENUM_CONVERSION = YES;
				CLANG_WARN_INFINITE_RECURSION = YES;
				CLANG_WARN_INT_CONVERSION = YES;
				CLANG_WARN_NON_LITERAL_NULL_CONVERSION = YES;
				CLANG_WARN_OBJC_IMPLICIT_RETAIN_SELF = YES;
				CLANG_WARN_OBJC_LITERAL_CONVERSION = YES;
				CLANG_WARN_OBJC_ROOT_CLASS = YES_ERROR;
				CLANG_WARN_RANGE_LOOP_ANALYSIS = YES;
				CLANG_WARN_STRICT_PROTOTYPES = YES;
				CLANG_WARN_SUSPICIOUS_MOVE = YES;
				CLANG_WARN_UNGUARDED_AVAILABILITY = YES_AGGRESSIVE;
				CLANG_WARN_UNREACHABLE_CODE = YES;
				CLANG_WARN__DUPLICATE_METHOD_MATCH = YES;
				CODE_SIGN_IDENTITY = "iPhone Developer";
				COPY_PHASE_STRIP = NO;
				DEBUG_INFORMATION_FORMAT = dwarf;
				ENABLE_STRICT_OBJC_MSGSEND = YES;
				ENABLE_TESTABILITY = YES;
				GCC_C_LANGUAGE_STANDARD = gnu11;
				GCC_DYNAMIC_NO_PIC = NO;
				GCC_NO_COMMON_BLOCKS = YES;
				GCC_OPTIMIZATION_LEVEL = 0;
				GCC_PREPROCESSOR_DEFINITIONS = (
					"DEBUG=1",
					"$(inherited)",
				);
				GCC_WARN_64_TO_32_BIT_CONVERSION = YES;
				GCC_WARN_ABOUT_RETURN_TYPE = YES_ERROR;
				GCC_WARN_UNDECLARED_SELECTOR = YES;
				GCC_WARN_UNINITIALIZED_AUTOS = YES_AGGRESSIVE;
				GCC_WARN_UNUSED_FUNCTION = YES;
				GCC_WARN_UNUSED_VARIABLE = YES;
				IPHONEOS_DEPLOYMENT_TARGET = 12.1;
				MTL_ENABLE_DEBUG_INFO = INCLUDE_SOURCE;
				MTL_FAST_MATH = YES;
				ONLY_ACTIVE_ARCH = YES;
				SDKROOT = iphoneos;
			};
			name = Debug;
		};
		94C2E1A1231A2CD7009A340D /* Release */ = {
			isa = XCBuildConfiguration;
			buildSettings = {
				ALWAYS_SEARCH_USER_PATHS = NO;
				CLANG_ANALYZER_NONNULL = YES;
				CLANG_ANALYZER_NUMBER_OBJECT_CONVERSION = YES_AGGRESSIVE;
				CLANG_CXX_LANGUAGE_STANDARD = "gnu++14";
				CLANG_CXX_LIBRARY = "libc++";
				CLANG_ENABLE_MODULES = YES;
				CLANG_ENABLE_OBJC_ARC = YES;
				CLANG_ENABLE_OBJC_WEAK = YES;
				CLANG_WARN_BLOCK_CAPTURE_AUTORELEASING = YES;
				CLANG_WARN_BOOL_CONVERSION = YES;
				CLANG_WARN_COMMA = YES;
				CLANG_WARN_CONSTANT_CONVERSION = YES;
				CLANG_WARN_DEPRECATED_OBJC_IMPLEMENTATIONS = YES;
				CLANG_WARN_DIRECT_OBJC_ISA_USAGE = YES_ERROR;
				CLANG_WARN_DOCUMENTATION_COMMENTS = YES;
				CLANG_WARN_EMPTY_BODY = YES;
				CLANG_WARN_ENUM_CONVERSION = YES;
				CLANG_WARN_INFINITE_RECURSION = YES;
				CLANG_WARN_INT_CONVERSION = YES;
				CLANG_WARN_NON_LITERAL_NULL_CONVERSION = YES;
				CLANG_WARN_OBJC_IMPLICIT_RETAIN_SELF = YES;
				CLANG_WARN_OBJC_LITERAL_CONVERSION = YES;
				CLANG_WARN_OBJC_ROOT_CLASS = YES_ERROR;
				CLANG_WARN_RANGE_LOOP_ANALYSIS = YES;
				CLANG_WARN_STRICT_PROTOTYPES = YES;
				CLANG_WARN_SUSPICIOUS_MOVE = YES;
				CLANG_WARN_UNGUARDED_AVAILABILITY = YES_AGGRESSIVE;
				CLANG_WARN_UNREACHABLE_CODE = YES;
				CLANG_WARN__DUPLICATE_METHOD_MATCH = YES;
				CODE_SIGN_IDENTITY = "iPhone Developer";
				COPY_PHASE_STRIP = NO;
				DEBUG_INFORMATION_FORMAT = "dwarf-with-dsym";
				ENABLE_NS_ASSERTIONS = NO;
				ENABLE_STRICT_OBJC_MSGSEND = YES;
				GCC_C_LANGUAGE_STANDARD = gnu11;
				GCC_NO_COMMON_BLOCKS = YES;
				GCC_WARN_64_TO_32_BIT_CONVERSION = YES;
				GCC_WARN_ABOUT_RETURN_TYPE = YES_ERROR;
				GCC_WARN_UNDECLARED_SELECTOR = YES;
				GCC_WARN_UNINITIALIZED_AUTOS = YES_AGGRESSIVE;
				GCC_WARN_UNUSED_FUNCTION = YES;
				GCC_WARN_UNUSED_VARIABLE = YES;
				IPHONEOS_DEPLOYMENT_TARGET = 12.1;
				MTL_ENABLE_DEBUG_INFO = NO;
				MTL_FAST_MATH = YES;
				SDKROOT = iphoneos;
				VALIDATE_PRODUCT = YES;
			};
			name = Release;
		};
		94C2E1A3231A2CD7009A340D /* Debug */ = {
			isa = XCBuildConfiguration;
			buildSettings = {
				ASSETCATALOG_COMPILER_APPICON_NAME = AppIcon;
				CODE_SIGN_ENTITLEMENTS = PedometerHybrid/PedometerHybrid.entitlements;
				CODE_SIGN_STYLE = Automatic;
				DEVELOPMENT_TEAM = T6MXF72738;
				INFOPLIST_FILE = PedometerHybrid/Info.plist;
				LD_RUNPATH_SEARCH_PATHS = (
					"$(inherited)",
					"@executable_path/Frameworks",
				);
				PRODUCT_BUNDLE_IDENTIFIER = com.RyanF.PedometerHybrid;
				PRODUCT_NAME = "$(TARGET_NAME)";
				TARGETED_DEVICE_FAMILY = "1,2";
			};
			name = Debug;
		};
		94C2E1A4231A2CD7009A340D /* Release */ = {
			isa = XCBuildConfiguration;
			buildSettings = {
				ASSETCATALOG_COMPILER_APPICON_NAME = AppIcon;
				CODE_SIGN_ENTITLEMENTS = PedometerHybrid/PedometerHybrid.entitlements;
				CODE_SIGN_STYLE = Automatic;
				DEVELOPMENT_TEAM = T6MXF72738;
				INFOPLIST_FILE = PedometerHybrid/Info.plist;
				LD_RUNPATH_SEARCH_PATHS = (
					"$(inherited)",
					"@executable_path/Frameworks",
				);
				PRODUCT_BUNDLE_IDENTIFIER = com.RyanF.PedometerHybrid;
				PRODUCT_NAME = "$(TARGET_NAME)";
				TARGETED_DEVICE_FAMILY = "1,2";
			};
			name = Release;
		};
/* End XCBuildConfiguration section */

/* Begin XCConfigurationList section */
		94C2E184231A2CD2009A340D /* Build configuration list for PBXProject "PedometerHybrid" */ = {
			isa = XCConfigurationList;
			buildConfigurations = (
				94C2E1A0231A2CD7009A340D /* Debug */,
				94C2E1A1231A2CD7009A340D /* Release */,
			);
			defaultConfigurationIsVisible = 0;
			defaultConfigurationName = Release;
		};
		94C2E1A2231A2CD7009A340D /* Build configuration list for PBXNativeTarget "PedometerHybrid" */ = {
			isa = XCConfigurationList;
			buildConfigurations = (
				94C2E1A3231A2CD7009A340D /* Debug */,
				94C2E1A4231A2CD7009A340D /* Release */,
			);
			defaultConfigurationIsVisible = 0;
			defaultConfigurationName = Release;
		};
/* End XCConfigurationList section */

/* Begin XCVersionGroup section */
		94C2E195231A2CD2009A340D /* PedometerHybrid.xcdatamodeld */ = {
			isa = XCVersionGroup;
			children = (
				94C2E196231A2CD2009A340D /* PedometerHybrid.xcdatamodel */,
			);
			currentVersion = 94C2E196231A2CD2009A340D /* PedometerHybrid.xcdatamodel */;
			path = PedometerHybrid.xcdatamodeld;
			sourceTree = "<group>";
			versionGroupType = wrapper.xcdatamodel;
		};
/* End XCVersionGroup section */
	};
	rootObject = 94C2E181231A2CD2009A340D /* Project object */;
}
